// !$*UTF8*$!
{
	archiveVersion = 1;
	classes = {
	};
	objectVersion = 56;
	objects = {

/* Begin PBXBuildFile section */
		5A1680BE2C4CEF9600D6C4AE /* QuestionDetailView.swift in Sources */ = {isa = PBXBuildFile; fileRef = 5A1680BD2C4CEF9600D6C4AE /* QuestionDetailView.swift */; };
		5A2C051E2C4E4B7E002B2FBB /* Option+CoreDataClass.swift in Sources */ = {isa = PBXBuildFile; fileRef = 5A2C051C2C4E4B7E002B2FBB /* Option+CoreDataClass.swift */; };
		5A2C051F2C4E4B7E002B2FBB /* Option+CoreDataProperties.swift in Sources */ = {isa = PBXBuildFile; fileRef = 5A2C051D2C4E4B7E002B2FBB /* Option+CoreDataProperties.swift */; };
		5A2C05212C4E5816002B2FBB /* OptionDetailView.swift in Sources */ = {isa = PBXBuildFile; fileRef = 5A2C05202C4E5816002B2FBB /* OptionDetailView.swift */; };
		5A2C05252C50E9C8002B2FBB /* AdminViewModel.swift in Sources */ = {isa = PBXBuildFile; fileRef = 5A2C05242C50E9C8002B2FBB /* AdminViewModel.swift */; };
		5A4725CF2C47AECD00C86DDC /* IntroductionView.swift in Sources */ = {isa = PBXBuildFile; fileRef = 5A4725CE2C47AECD00C86DDC /* IntroductionView.swift */; };
		5A4725D12C47AF0F00C86DDC /* SurveyView.swift in Sources */ = {isa = PBXBuildFile; fileRef = 5A4725D02C47AF0F00C86DDC /* SurveyView.swift */; };
		5A4725EC2C47ECD900C86DDC /* AdminPanelView.swift in Sources */ = {isa = PBXBuildFile; fileRef = 5A4725EB2C47ECD900C86DDC /* AdminPanelView.swift */; };
		5A4725F62C47ED9E00C86DDC /* AudioMnager.swift in Sources */ = {isa = PBXBuildFile; fileRef = 5A4725F52C47ED9E00C86DDC /* AudioMnager.swift */; };
		5A4725FE2C47F2A200C86DDC /* ResultView.swift in Sources */ = {isa = PBXBuildFile; fileRef = 5A4725FD2C47F2A200C86DDC /* ResultView.swift */; };
		5A4726002C48261000C86DDC /* ImagePicker.swift in Sources */ = {isa = PBXBuildFile; fileRef = 5A4725FF2C48261000C86DDC /* ImagePicker.swift */; };
		5A4726722C4A33D600C86DDC /* DataService.swift in Sources */ = {isa = PBXBuildFile; fileRef = 5A4726712C4A33D600C86DDC /* DataService.swift */; };
		5A4726782C4A344F00C86DDC /* SurveyViewModel.swift in Sources */ = {isa = PBXBuildFile; fileRef = 5A4726772C4A344F00C86DDC /* SurveyViewModel.swift */; };
		5A47267C2C4A3A3900C86DDC /* ViewType.swift in Sources */ = {isa = PBXBuildFile; fileRef = 5A47267B2C4A3A3900C86DDC /* ViewType.swift */; };
		5A47267E2C4A423900C86DDC /* StudentScoresView.swift in Sources */ = {isa = PBXBuildFile; fileRef = 5A47267D2C4A423900C86DDC /* StudentScoresView.swift */; };
		5A4726802C4A428B00C86DDC /* StudentListView.swift in Sources */ = {isa = PBXBuildFile; fileRef = 5A47267F2C4A428B00C86DDC /* StudentListView.swift */; };
		5A4726822C4A42B900C86DDC /* StudentDetailView.swift in Sources */ = {isa = PBXBuildFile; fileRef = 5A4726812C4A42B900C86DDC /* StudentDetailView.swift */; };
		5ADC31012C47600200DD4669 /* helth_survey.swift in Sources */ = {isa = PBXBuildFile; fileRef = 5ADC31002C47600200DD4669 /* helth_survey.swift */; };
		5ADC31032C47600200DD4669 /* Persistence.swift in Sources */ = {isa = PBXBuildFile; fileRef = 5ADC31022C47600200DD4669 /* Persistence.swift */; };
		5ADC31062C47600200DD4669 /* helth_survey.xcdatamodeld in Sources */ = {isa = PBXBuildFile; fileRef = 5ADC31042C47600200DD4669 /* helth_survey.xcdatamodeld */; };
		5ADC31082C47600200DD4669 /* ContentView.swift in Sources */ = {isa = PBXBuildFile; fileRef = 5ADC31072C47600200DD4669 /* ContentView.swift */; };
		5ADC310A2C47600400DD4669 /* Assets.xcassets in Resources */ = {isa = PBXBuildFile; fileRef = 5ADC31092C47600400DD4669 /* Assets.xcassets */; };
		5ADC310E2C47600400DD4669 /* Preview Assets.xcassets in Resources */ = {isa = PBXBuildFile; fileRef = 5ADC310D2C47600400DD4669 /* Preview Assets.xcassets */; };
		5ADC31332C47817200DD4669 /* Result+CoreDataClass.swift in Sources */ = {isa = PBXBuildFile; fileRef = 5ADC31292C47817200DD4669 /* Result+CoreDataClass.swift */; };
		5ADC31342C47817200DD4669 /* Result+CoreDataProperties.swift in Sources */ = {isa = PBXBuildFile; fileRef = 5ADC312A2C47817200DD4669 /* Result+CoreDataProperties.swift */; };
		5ADC31352C47817200DD4669 /* Student+CoreDataClass.swift in Sources */ = {isa = PBXBuildFile; fileRef = 5ADC312B2C47817200DD4669 /* Student+CoreDataClass.swift */; };
		5ADC31362C47817200DD4669 /* Student+CoreDataProperties.swift in Sources */ = {isa = PBXBuildFile; fileRef = 5ADC312C2C47817200DD4669 /* Student+CoreDataProperties.swift */; };
		5ADC31372C47817200DD4669 /* Question+CoreDataClass.swift in Sources */ = {isa = PBXBuildFile; fileRef = 5ADC312D2C47817200DD4669 /* Question+CoreDataClass.swift */; };
		5ADC31382C47817200DD4669 /* Question+CoreDataProperties.swift in Sources */ = {isa = PBXBuildFile; fileRef = 5ADC312E2C47817200DD4669 /* Question+CoreDataProperties.swift */; };
		5ADC31392C47817200DD4669 /* Answer+CoreDataClass.swift in Sources */ = {isa = PBXBuildFile; fileRef = 5ADC312F2C47817200DD4669 /* Answer+CoreDataClass.swift */; };
		5ADC313A2C47817200DD4669 /* Answer+CoreDataProperties.swift in Sources */ = {isa = PBXBuildFile; fileRef = 5ADC31302C47817200DD4669 /* Answer+CoreDataProperties.swift */; };
/* End PBXBuildFile section */

/* Begin PBXFileReference section */
		5A1680BD2C4CEF9600D6C4AE /* QuestionDetailView.swift */ = {isa = PBXFileReference; lastKnownFileType = sourcecode.swift; path = QuestionDetailView.swift; sourceTree = "<group>"; };
		5A2C051C2C4E4B7E002B2FBB /* Option+CoreDataClass.swift */ = {isa = PBXFileReference; lastKnownFileType = sourcecode.swift; name = "Option+CoreDataClass.swift"; path = "helth_survey/Option+CoreDataClass.swift"; sourceTree = "<group>"; };
		5A2C051D2C4E4B7E002B2FBB /* Option+CoreDataProperties.swift */ = {isa = PBXFileReference; lastKnownFileType = sourcecode.swift; name = "Option+CoreDataProperties.swift"; path = "helth_survey/Option+CoreDataProperties.swift"; sourceTree = "<group>"; };
		5A2C05202C4E5816002B2FBB /* OptionDetailView.swift */ = {isa = PBXFileReference; lastKnownFileType = sourcecode.swift; path = OptionDetailView.swift; sourceTree = "<group>"; };
		5A2C05242C50E9C8002B2FBB /* AdminViewModel.swift */ = {isa = PBXFileReference; lastKnownFileType = sourcecode.swift; path = AdminViewModel.swift; sourceTree = "<group>"; };
		5A4725CE2C47AECD00C86DDC /* IntroductionView.swift */ = {isa = PBXFileReference; lastKnownFileType = sourcecode.swift; path = IntroductionView.swift; sourceTree = "<group>"; };
		5A4725D02C47AF0F00C86DDC /* SurveyView.swift */ = {isa = PBXFileReference; lastKnownFileType = sourcecode.swift; path = SurveyView.swift; sourceTree = "<group>"; };
		5A4725EB2C47ECD900C86DDC /* AdminPanelView.swift */ = {isa = PBXFileReference; lastKnownFileType = sourcecode.swift; name = AdminPanelView.swift; path = ../AdminPanelView.swift; sourceTree = "<group>"; };
		5A4725F52C47ED9E00C86DDC /* AudioMnager.swift */ = {isa = PBXFileReference; lastKnownFileType = sourcecode.swift; path = AudioMnager.swift; sourceTree = "<group>"; };
		5A4725FD2C47F2A200C86DDC /* ResultView.swift */ = {isa = PBXFileReference; lastKnownFileType = sourcecode.swift; path = ResultView.swift; sourceTree = "<group>"; };
		5A4725FF2C48261000C86DDC /* ImagePicker.swift */ = {isa = PBXFileReference; lastKnownFileType = sourcecode.swift; path = ImagePicker.swift; sourceTree = "<group>"; };
		5A4726712C4A33D600C86DDC /* DataService.swift */ = {isa = PBXFileReference; lastKnownFileType = sourcecode.swift; path = DataService.swift; sourceTree = "<group>"; };
		5A4726772C4A344F00C86DDC /* SurveyViewModel.swift */ = {isa = PBXFileReference; lastKnownFileType = sourcecode.swift; path = SurveyViewModel.swift; sourceTree = "<group>"; };
		5A47267B2C4A3A3900C86DDC /* ViewType.swift */ = {isa = PBXFileReference; lastKnownFileType = sourcecode.swift; path = ViewType.swift; sourceTree = "<group>"; };
		5A47267D2C4A423900C86DDC /* StudentScoresView.swift */ = {isa = PBXFileReference; lastKnownFileType = sourcecode.swift; path = StudentScoresView.swift; sourceTree = "<group>"; };
		5A47267F2C4A428B00C86DDC /* StudentListView.swift */ = {isa = PBXFileReference; lastKnownFileType = sourcecode.swift; path = StudentListView.swift; sourceTree = "<group>"; };
		5A4726812C4A42B900C86DDC /* StudentDetailView.swift */ = {isa = PBXFileReference; lastKnownFileType = sourcecode.swift; path = StudentDetailView.swift; sourceTree = "<group>"; };
		5ADC30FD2C47600200DD4669 /* helth_survey.app */ = {isa = PBXFileReference; explicitFileType = wrapper.application; includeInIndex = 0; path = helth_survey.app; sourceTree = BUILT_PRODUCTS_DIR; };
		5ADC31002C47600200DD4669 /* helth_survey.swift */ = {isa = PBXFileReference; lastKnownFileType = sourcecode.swift; path = helth_survey.swift; sourceTree = "<group>"; };
		5ADC31022C47600200DD4669 /* Persistence.swift */ = {isa = PBXFileReference; lastKnownFileType = sourcecode.swift; path = Persistence.swift; sourceTree = "<group>"; };
		5ADC31052C47600200DD4669 /* helth_survey.xcdatamodel */ = {isa = PBXFileReference; lastKnownFileType = wrapper.xcdatamodel; path = helth_survey.xcdatamodel; sourceTree = "<group>"; };
		5ADC31072C47600200DD4669 /* ContentView.swift */ = {isa = PBXFileReference; lastKnownFileType = sourcecode.swift; path = ContentView.swift; sourceTree = "<group>"; };
		5ADC31092C47600400DD4669 /* Assets.xcassets */ = {isa = PBXFileReference; lastKnownFileType = folder.assetcatalog; path = Assets.xcassets; sourceTree = "<group>"; };
		5ADC310B2C47600400DD4669 /* helth_survey.entitlements */ = {isa = PBXFileReference; lastKnownFileType = text.plist.entitlements; path = helth_survey.entitlements; sourceTree = "<group>"; };
		5ADC310D2C47600400DD4669 /* Preview Assets.xcassets */ = {isa = PBXFileReference; lastKnownFileType = folder.assetcatalog; path = "Preview Assets.xcassets"; sourceTree = "<group>"; };
		5ADC31292C47817200DD4669 /* Result+CoreDataClass.swift */ = {isa = PBXFileReference; lastKnownFileType = sourcecode.swift; name = "Result+CoreDataClass.swift"; path = "helth_survey/Result+CoreDataClass.swift"; sourceTree = "<group>"; };
		5ADC312A2C47817200DD4669 /* Result+CoreDataProperties.swift */ = {isa = PBXFileReference; lastKnownFileType = sourcecode.swift; name = "Result+CoreDataProperties.swift"; path = "helth_survey/Result+CoreDataProperties.swift"; sourceTree = "<group>"; };
		5ADC312B2C47817200DD4669 /* Student+CoreDataClass.swift */ = {isa = PBXFileReference; lastKnownFileType = sourcecode.swift; name = "Student+CoreDataClass.swift"; path = "helth_survey/Student+CoreDataClass.swift"; sourceTree = "<group>"; };
		5ADC312C2C47817200DD4669 /* Student+CoreDataProperties.swift */ = {isa = PBXFileReference; lastKnownFileType = sourcecode.swift; name = "Student+CoreDataProperties.swift"; path = "helth_survey/Student+CoreDataProperties.swift"; sourceTree = "<group>"; };
		5ADC312D2C47817200DD4669 /* Question+CoreDataClass.swift */ = {isa = PBXFileReference; lastKnownFileType = sourcecode.swift; name = "Question+CoreDataClass.swift"; path = "helth_survey/Question+CoreDataClass.swift"; sourceTree = "<group>"; };
		5ADC312E2C47817200DD4669 /* Question+CoreDataProperties.swift */ = {isa = PBXFileReference; lastKnownFileType = sourcecode.swift; name = "Question+CoreDataProperties.swift"; path = "helth_survey/Question+CoreDataProperties.swift"; sourceTree = "<group>"; };
		5ADC312F2C47817200DD4669 /* Answer+CoreDataClass.swift */ = {isa = PBXFileReference; lastKnownFileType = sourcecode.swift; name = "Answer+CoreDataClass.swift"; path = "helth_survey/Answer+CoreDataClass.swift"; sourceTree = "<group>"; };
		5ADC31302C47817200DD4669 /* Answer+CoreDataProperties.swift */ = {isa = PBXFileReference; lastKnownFileType = sourcecode.swift; name = "Answer+CoreDataProperties.swift"; path = "helth_survey/Answer+CoreDataProperties.swift"; sourceTree = "<group>"; };
/* End PBXFileReference section */

/* Begin PBXFrameworksBuildPhase section */
		5ADC30FA2C47600200DD4669 /* Frameworks */ = {
			isa = PBXFrameworksBuildPhase;
			buildActionMask = 2147483647;
			files = (
			);
			runOnlyForDeploymentPostprocessing = 0;
		};
/* End PBXFrameworksBuildPhase section */

/* Begin PBXGroup section */
		5A4726732C4A33E400C86DDC /* Model */ = {
			isa = PBXGroup;
			children = (
			);
			path = Model;
			sourceTree = "<group>";
		};
		5A4726792C4A35F500C86DDC /* ViewModel */ = {
			isa = PBXGroup;
			children = (
			);
			path = ViewModel;
			sourceTree = "<group>";
		};
		5A47267A2C4A360900C86DDC /* View */ = {
			isa = PBXGroup;
			children = (
			);
			path = View;
			sourceTree = "<group>";
		};
		5ADC30F42C47600200DD4669 = {
			isa = PBXGroup;
			children = (
				5A2C051C2C4E4B7E002B2FBB /* Option+CoreDataClass.swift */,
				5A2C051D2C4E4B7E002B2FBB /* Option+CoreDataProperties.swift */,
				5ADC31292C47817200DD4669 /* Result+CoreDataClass.swift */,
				5ADC312A2C47817200DD4669 /* Result+CoreDataProperties.swift */,
				5ADC312B2C47817200DD4669 /* Student+CoreDataClass.swift */,
				5ADC312C2C47817200DD4669 /* Student+CoreDataProperties.swift */,
				5ADC312D2C47817200DD4669 /* Question+CoreDataClass.swift */,
				5ADC312E2C47817200DD4669 /* Question+CoreDataProperties.swift */,
				5ADC312F2C47817200DD4669 /* Answer+CoreDataClass.swift */,
				5ADC31302C47817200DD4669 /* Answer+CoreDataProperties.swift */,
				5ADC30FF2C47600200DD4669 /* helth_survey */,
				5ADC30FE2C47600200DD4669 /* Products */,
			);
			sourceTree = "<group>";
		};
		5ADC30FE2C47600200DD4669 /* Products */ = {
			isa = PBXGroup;
			children = (
				5ADC30FD2C47600200DD4669 /* helth_survey.app */,
			);
			name = Products;
			sourceTree = "<group>";
		};
		5ADC30FF2C47600200DD4669 /* helth_survey */ = {
			isa = PBXGroup;
			children = (
				5A47267B2C4A3A3900C86DDC /* ViewType.swift */,
				5ADC31002C47600200DD4669 /* helth_survey.swift */,
				5A4726732C4A33E400C86DDC /* Model */,
				5A4726712C4A33D600C86DDC /* DataService.swift */,
				5ADC31022C47600200DD4669 /* Persistence.swift */,
				5A4726792C4A35F500C86DDC /* ViewModel */,
				5A4726772C4A344F00C86DDC /* SurveyViewModel.swift */,
				5A2C05242C50E9C8002B2FBB /* AdminViewModel.swift */,
				5A47267A2C4A360900C86DDC /* View */,
				5ADC31072C47600200DD4669 /* ContentView.swift */,
				5A4725CE2C47AECD00C86DDC /* IntroductionView.swift */,
				5A4725D02C47AF0F00C86DDC /* SurveyView.swift */,
				5A47267D2C4A423900C86DDC /* StudentScoresView.swift */,
				5A47267F2C4A428B00C86DDC /* StudentListView.swift */,
				5A4726812C4A42B900C86DDC /* StudentDetailView.swift */,
				5A4725FD2C47F2A200C86DDC /* ResultView.swift */,
				5A4725EB2C47ECD900C86DDC /* AdminPanelView.swift */,
				5A1680BD2C4CEF9600D6C4AE /* QuestionDetailView.swift */,
				5A2C05202C4E5816002B2FBB /* OptionDetailView.swift */,
				5A4725F52C47ED9E00C86DDC /* AudioMnager.swift */,
				5A4725FF2C48261000C86DDC /* ImagePicker.swift */,
				5ADC31092C47600400DD4669 /* Assets.xcassets */,
				5ADC310B2C47600400DD4669 /* helth_survey.entitlements */,
				5ADC31042C47600200DD4669 /* helth_survey.xcdatamodeld */,
				5ADC310C2C47600400DD4669 /* Preview Content */,
			);
			path = helth_survey;
			sourceTree = "<group>";
		};
		5ADC310C2C47600400DD4669 /* Preview Content */ = {
			isa = PBXGroup;
			children = (
				5ADC310D2C47600400DD4669 /* Preview Assets.xcassets */,
			);
			path = "Preview Content";
			sourceTree = "<group>";
		};
/* End PBXGroup section */

/* Begin PBXNativeTarget section */
		5ADC30FC2C47600200DD4669 /* helth_survey */ = {
			isa = PBXNativeTarget;
			buildConfigurationList = 5ADC31112C47600400DD4669 /* Build configuration list for PBXNativeTarget "helth_survey" */;
			buildPhases = (
				5ADC30F92C47600200DD4669 /* Sources */,
				5ADC30FA2C47600200DD4669 /* Frameworks */,
				5ADC30FB2C47600200DD4669 /* Resources */,
			);
			buildRules = (
			);
			dependencies = (
			);
			name = helth_survey;
			productName = helth_survey;
			productReference = 5ADC30FD2C47600200DD4669 /* helth_survey.app */;
			productType = "com.apple.product-type.application";
		};
/* End PBXNativeTarget section */

/* Begin PBXProject section */
		5ADC30F52C47600200DD4669 /* Project object */ = {
			isa = PBXProject;
			attributes = {
				BuildIndependentTargetsInParallel = 1;
				LastSwiftUpdateCheck = 1540;
				LastUpgradeCheck = 1540;
				TargetAttributes = {
					5ADC30FC2C47600200DD4669 = {
						CreatedOnToolsVersion = 15.4;
					};
				};
			};
			buildConfigurationList = 5ADC30F82C47600200DD4669 /* Build configuration list for PBXProject "helth_survey" */;
			compatibilityVersion = "Xcode 14.0";
			developmentRegion = en;
			hasScannedForEncodings = 0;
			knownRegions = (
				en,
				Base,
			);
			mainGroup = 5ADC30F42C47600200DD4669;
			productRefGroup = 5ADC30FE2C47600200DD4669 /* Products */;
			projectDirPath = "";
			projectRoot = "";
			targets = (
				5ADC30FC2C47600200DD4669 /* helth_survey */,
			);
		};
/* End PBXProject section */

/* Begin PBXResourcesBuildPhase section */
		5ADC30FB2C47600200DD4669 /* Resources */ = {
			isa = PBXResourcesBuildPhase;
			buildActionMask = 2147483647;
			files = (
				5ADC310E2C47600400DD4669 /* Preview Assets.xcassets in Resources */,
				5ADC310A2C47600400DD4669 /* Assets.xcassets in Resources */,
			);
			runOnlyForDeploymentPostprocessing = 0;
		};
/* End PBXResourcesBuildPhase section */

/* Begin PBXSourcesBuildPhase section */
		5ADC30F92C47600200DD4669 /* Sources */ = {
			isa = PBXSourcesBuildPhase;
			buildActionMask = 2147483647;
			files = (
				5A2C051E2C4E4B7E002B2FBB /* Option+CoreDataClass.swift in Sources */,
				5A2C05212C4E5816002B2FBB /* OptionDetailView.swift in Sources */,
				5A2C051F2C4E4B7E002B2FBB /* Option+CoreDataProperties.swift in Sources */,
				5ADC31332C47817200DD4669 /* Result+CoreDataClass.swift in Sources */,
				5A4726722C4A33D600C86DDC /* DataService.swift in Sources */,
				5ADC31342C47817200DD4669 /* Result+CoreDataProperties.swift in Sources */,
				5A4725FE2C47F2A200C86DDC /* ResultView.swift in Sources */,
				5A47267E2C4A423900C86DDC /* StudentScoresView.swift in Sources */,
				5A4726802C4A428B00C86DDC /* StudentListView.swift in Sources */,
				5ADC31352C47817200DD4669 /* Student+CoreDataClass.swift in Sources */,
				5A4726782C4A344F00C86DDC /* SurveyViewModel.swift in Sources */,
				5ADC31362C47817200DD4669 /* Student+CoreDataProperties.swift in Sources */,
				5ADC31372C47817200DD4669 /* Question+CoreDataClass.swift in Sources */,
				5A4725EC2C47ECD900C86DDC /* AdminPanelView.swift in Sources */,
				5ADC31382C47817200DD4669 /* Question+CoreDataProperties.swift in Sources */,
				5A4725D12C47AF0F00C86DDC /* SurveyView.swift in Sources */,
				5ADC31392C47817200DD4669 /* Answer+CoreDataClass.swift in Sources */,
				5ADC313A2C47817200DD4669 /* Answer+CoreDataProperties.swift in Sources */,
				5A4725CF2C47AECD00C86DDC /* IntroductionView.swift in Sources */,
				5A1680BE2C4CEF9600D6C4AE /* QuestionDetailView.swift in Sources */,
				5A4725F62C47ED9E00C86DDC /* AudioMnager.swift in Sources */,
				5A4726822C4A42B900C86DDC /* StudentDetailView.swift in Sources */,
				5ADC31012C47600200DD4669 /* helth_survey.swift in Sources */,
				5ADC31032C47600200DD4669 /* Persistence.swift in Sources */,
				5A4726002C48261000C86DDC /* ImagePicker.swift in Sources */,
				5A47267C2C4A3A3900C86DDC /* ViewType.swift in Sources */,
				5ADC31082C47600200DD4669 /* ContentView.swift in Sources */,
				5ADC31062C47600200DD4669 /* helth_survey.xcdatamodeld in Sources */,
				5A2C05252C50E9C8002B2FBB /* AdminViewModel.swift in Sources */,
			);
			runOnlyForDeploymentPostprocessing = 0;
		};
/* End PBXSourcesBuildPhase section */

/* Begin XCBuildConfiguration section */
		5ADC310F2C47600400DD4669 /* Debug */ = {
			isa = XCBuildConfiguration;
			buildSettings = {
				ALWAYS_SEARCH_USER_PATHS = NO;
				ASSETCATALOG_COMPILER_GENERATE_SWIFT_ASSET_SYMBOL_EXTENSIONS = YES;
				CLANG_ANALYZER_NONNULL = YES;
				CLANG_ANALYZER_NUMBER_OBJECT_CONVERSION = YES_AGGRESSIVE;
				CLANG_CXX_LANGUAGE_STANDARD = "gnu++20";
				CLANG_ENABLE_MODULES = YES;
				CLANG_ENABLE_OBJC_ARC = YES;
				CLANG_ENABLE_OBJC_WEAK = YES;
				CLANG_WARN_BLOCK_CAPTURE_AUTORELEASING = YES;
				CLANG_WARN_BOOL_CONVERSION = YES;
				CLANG_WARN_COMMA = YES;
				CLANG_WARN_CONSTANT_CONVERSION = YES;
				CLANG_WARN_DEPRECATED_OBJC_IMPLEMENTATIONS = YES;
				CLANG_WARN_DIRECT_OBJC_ISA_USAGE = YES_ERROR;
				CLANG_WARN_DOCUMENTATION_COMMENTS = YES;
				CLANG_WARN_EMPTY_BODY = YES;
				CLANG_WARN_ENUM_CONVERSION = YES;
				CLANG_WARN_INFINITE_RECURSION = YES;
				CLANG_WARN_INT_CONVERSION = YES;
				CLANG_WARN_NON_LITERAL_NULL_CONVERSION = YES;
				CLANG_WARN_OBJC_IMPLICIT_RETAIN_SELF = YES;
				CLANG_WARN_OBJC_LITERAL_CONVERSION = YES;
				CLANG_WARN_OBJC_ROOT_CLASS = YES_ERROR;
				CLANG_WARN_QUOTED_INCLUDE_IN_FRAMEWORK_HEADER = YES;
				CLANG_WARN_RANGE_LOOP_ANALYSIS = YES;
				CLANG_WARN_STRICT_PROTOTYPES = YES;
				CLANG_WARN_SUSPICIOUS_MOVE = YES;
				CLANG_WARN_UNGUARDED_AVAILABILITY = YES_AGGRESSIVE;
				CLANG_WARN_UNREACHABLE_CODE = YES;
				CLANG_WARN__DUPLICATE_METHOD_MATCH = YES;
				COPY_PHASE_STRIP = NO;
				DEBUG_INFORMATION_FORMAT = dwarf;
				ENABLE_STRICT_OBJC_MSGSEND = YES;
				ENABLE_TESTABILITY = YES;
				ENABLE_USER_SCRIPT_SANDBOXING = YES;
				GCC_C_LANGUAGE_STANDARD = gnu17;
				GCC_DYNAMIC_NO_PIC = NO;
				GCC_NO_COMMON_BLOCKS = YES;
				GCC_OPTIMIZATION_LEVEL = 0;
				GCC_PREPROCESSOR_DEFINITIONS = (
					"DEBUG=1",
					"$(inherited)",
				);
				GCC_WARN_64_TO_32_BIT_CONVERSION = YES;
				GCC_WARN_ABOUT_RETURN_TYPE = YES_ERROR;
				GCC_WARN_UNDECLARED_SELECTOR = YES;
				GCC_WARN_UNINITIALIZED_AUTOS = YES_AGGRESSIVE;
				GCC_WARN_UNUSED_FUNCTION = YES;
				GCC_WARN_UNUSED_VARIABLE = YES;
				LOCALIZATION_PREFERS_STRING_CATALOGS = YES;
				MTL_ENABLE_DEBUG_INFO = INCLUDE_SOURCE;
				MTL_FAST_MATH = YES;
				ONLY_ACTIVE_ARCH = YES;
				SWIFT_ACTIVE_COMPILATION_CONDITIONS = "DEBUG $(inherited)";
				SWIFT_OPTIMIZATION_LEVEL = "-Onone";
			};
			name = Debug;
		};
		5ADC31102C47600400DD4669 /* Release */ = {
			isa = XCBuildConfiguration;
			buildSettings = {
				ALWAYS_SEARCH_USER_PATHS = NO;
				ASSETCATALOG_COMPILER_GENERATE_SWIFT_ASSET_SYMBOL_EXTENSIONS = YES;
				CLANG_ANALYZER_NONNULL = YES;
				CLANG_ANALYZER_NUMBER_OBJECT_CONVERSION = YES_AGGRESSIVE;
				CLANG_CXX_LANGUAGE_STANDARD = "gnu++20";
				CLANG_ENABLE_MODULES = YES;
				CLANG_ENABLE_OBJC_ARC = YES;
				CLANG_ENABLE_OBJC_WEAK = YES;
				CLANG_WARN_BLOCK_CAPTURE_AUTORELEASING = YES;
				CLANG_WARN_BOOL_CONVERSION = YES;
				CLANG_WARN_COMMA = YES;
				CLANG_WARN_CONSTANT_CONVERSION = YES;
				CLANG_WARN_DEPRECATED_OBJC_IMPLEMENTATIONS = YES;
				CLANG_WARN_DIRECT_OBJC_ISA_USAGE = YES_ERROR;
				CLANG_WARN_DOCUMENTATION_COMMENTS = YES;
				CLANG_WARN_EMPTY_BODY = YES;
				CLANG_WARN_ENUM_CONVERSION = YES;
				CLANG_WARN_INFINITE_RECURSION = YES;
				CLANG_WARN_INT_CONVERSION = YES;
				CLANG_WARN_NON_LITERAL_NULL_CONVERSION = YES;
				CLANG_WARN_OBJC_IMPLICIT_RETAIN_SELF = YES;
				CLANG_WARN_OBJC_LITERAL_CONVERSION = YES;
				CLANG_WARN_OBJC_ROOT_CLASS = YES_ERROR;
				CLANG_WARN_QUOTED_INCLUDE_IN_FRAMEWORK_HEADER = YES;
				CLANG_WARN_RANGE_LOOP_ANALYSIS = YES;
				CLANG_WARN_STRICT_PROTOTYPES = YES;
				CLANG_WARN_SUSPICIOUS_MOVE = YES;
				CLANG_WARN_UNGUARDED_AVAILABILITY = YES_AGGRESSIVE;
				CLANG_WARN_UNREACHABLE_CODE = YES;
				CLANG_WARN__DUPLICATE_METHOD_MATCH = YES;
				COPY_PHASE_STRIP = NO;
				DEBUG_INFORMATION_FORMAT = "dwarf-with-dsym";
				ENABLE_NS_ASSERTIONS = NO;
				ENABLE_STRICT_OBJC_MSGSEND = YES;
				ENABLE_USER_SCRIPT_SANDBOXING = YES;
				GCC_C_LANGUAGE_STANDARD = gnu17;
				GCC_NO_COMMON_BLOCKS = YES;
				GCC_WARN_64_TO_32_BIT_CONVERSION = YES;
				GCC_WARN_ABOUT_RETURN_TYPE = YES_ERROR;
				GCC_WARN_UNDECLARED_SELECTOR = YES;
				GCC_WARN_UNINITIALIZED_AUTOS = YES_AGGRESSIVE;
				GCC_WARN_UNUSED_FUNCTION = YES;
				GCC_WARN_UNUSED_VARIABLE = YES;
				LOCALIZATION_PREFERS_STRING_CATALOGS = YES;
				MTL_ENABLE_DEBUG_INFO = NO;
				MTL_FAST_MATH = YES;
				SWIFT_COMPILATION_MODE = wholemodule;
			};
			name = Release;
		};
		5ADC31122C47600400DD4669 /* Debug */ = {
			isa = XCBuildConfiguration;
			buildSettings = {
				ASSETCATALOG_COMPILER_APPICON_NAME = AppIcon;
				ASSETCATALOG_COMPILER_GLOBAL_ACCENT_COLOR_NAME = AccentColor;
				CODE_SIGN_ENTITLEMENTS = helth_survey/helth_survey.entitlements;
				CODE_SIGN_STYLE = Automatic;
				CURRENT_PROJECT_VERSION = 1;
				DEVELOPMENT_ASSET_PATHS = "\"helth_survey/Preview Content\"";
				DEVELOPMENT_TEAM = 74G55QC29G;
				ENABLE_HARDENED_RUNTIME = YES;
				ENABLE_PREVIEWS = YES;
				GENERATE_INFOPLIST_FILE = YES;
				"INFOPLIST_KEY_UIApplicationSceneManifest_Generation[sdk=iphoneos*]" = YES;
				"INFOPLIST_KEY_UIApplicationSceneManifest_Generation[sdk=iphonesimulator*]" = YES;
				"INFOPLIST_KEY_UIApplicationSupportsIndirectInputEvents[sdk=iphoneos*]" = YES;
				"INFOPLIST_KEY_UIApplicationSupportsIndirectInputEvents[sdk=iphonesimulator*]" = YES;
				"INFOPLIST_KEY_UILaunchScreen_Generation[sdk=iphoneos*]" = YES;
				"INFOPLIST_KEY_UILaunchScreen_Generation[sdk=iphonesimulator*]" = YES;
				"INFOPLIST_KEY_UIStatusBarStyle[sdk=iphoneos*]" = UIStatusBarStyleDefault;
				"INFOPLIST_KEY_UIStatusBarStyle[sdk=iphonesimulator*]" = UIStatusBarStyleDefault;
				INFOPLIST_KEY_UISupportedInterfaceOrientations_iPad = "UIInterfaceOrientationPortrait UIInterfaceOrientationPortraitUpsideDown UIInterfaceOrientationLandscapeLeft UIInterfaceOrientationLandscapeRight";
				INFOPLIST_KEY_UISupportedInterfaceOrientations_iPhone = "UIInterfaceOrientationPortrait UIInterfaceOrientationLandscapeLeft UIInterfaceOrientationLandscapeRight";
				IPHONEOS_DEPLOYMENT_TARGET = 17.5;
				LD_RUNPATH_SEARCH_PATHS = "@executable_path/Frameworks";
				"LD_RUNPATH_SEARCH_PATHS[sdk=macosx*]" = "@executable_path/../Frameworks";
				MACOSX_DEPLOYMENT_TARGET = 14.5;
				MARKETING_VERSION = 1.0;
				PRODUCT_BUNDLE_IDENTIFIER = "k.helth-survey";
				PRODUCT_NAME = "$(TARGET_NAME)";
				SDKROOT = auto;
				SUPPORTED_PLATFORMS = "iphoneos iphonesimulator macosx";
				SWIFT_EMIT_LOC_STRINGS = YES;
				SWIFT_VERSION = 5.0;
				TARGETED_DEVICE_FAMILY = "1,2";
			};
			name = Debug;
		};
		5ADC31132C47600400DD4669 /* Release */ = {
			isa = XCBuildConfiguration;
			buildSettings = {
				ASSETCATALOG_COMPILER_APPICON_NAME = AppIcon;
				ASSETCATALOG_COMPILER_GLOBAL_ACCENT_COLOR_NAME = AccentColor;
				CODE_SIGN_ENTITLEMENTS = helth_survey/helth_survey.entitlements;
				CODE_SIGN_STYLE = Automatic;
				CURRENT_PROJECT_VERSION = 1;
				DEVELOPMENT_ASSET_PATHS = "\"helth_survey/Preview Content\"";
				DEVELOPMENT_TEAM = 74G55QC29G;
				ENABLE_HARDENED_RUNTIME = YES;
				ENABLE_PREVIEWS = YES;
				GENERATE_INFOPLIST_FILE = YES;
				"INFOPLIST_KEY_UIApplicationSceneManifest_Generation[sdk=iphoneos*]" = YES;
				"INFOPLIST_KEY_UIApplicationSceneManifest_Generation[sdk=iphonesimulator*]" = YES;
				"INFOPLIST_KEY_UIApplicationSupportsIndirectInputEvents[sdk=iphoneos*]" = YES;
				"INFOPLIST_KEY_UIApplicationSupportsIndirectInputEvents[sdk=iphonesimulator*]" = YES;
				"INFOPLIST_KEY_UILaunchScreen_Generation[sdk=iphoneos*]" = YES;
				"INFOPLIST_KEY_UILaunchScreen_Generation[sdk=iphonesimulator*]" = YES;
				"INFOPLIST_KEY_UIStatusBarStyle[sdk=iphoneos*]" = UIStatusBarStyleDefault;
				"INFOPLIST_KEY_UIStatusBarStyle[sdk=iphonesimulator*]" = UIStatusBarStyleDefault;
				INFOPLIST_KEY_UISupportedInterfaceOrientations_iPad = "UIInterfaceOrientationPortrait UIInterfaceOrientationPortraitUpsideDown UIInterfaceOrientationLandscapeLeft UIInterfaceOrientationLandscapeRight";
				INFOPLIST_KEY_UISupportedInterfaceOrientations_iPhone = "UIInterfaceOrientationPortrait UIInterfaceOrientationLandscapeLeft UIInterfaceOrientationLandscapeRight";
				IPHONEOS_DEPLOYMENT_TARGET = 17.5;
				LD_RUNPATH_SEARCH_PATHS = "@executable_path/Frameworks";
				"LD_RUNPATH_SEARCH_PATHS[sdk=macosx*]" = "@executable_path/../Frameworks";
				MACOSX_DEPLOYMENT_TARGET = 14.5;
				MARKETING_VERSION = 1.0;
				PRODUCT_BUNDLE_IDENTIFIER = "k.helth-survey";
				PRODUCT_NAME = "$(TARGET_NAME)";
				SDKROOT = auto;
				SUPPORTED_PLATFORMS = "iphoneos iphonesimulator macosx";
				SWIFT_EMIT_LOC_STRINGS = YES;
				SWIFT_VERSION = 5.0;
				TARGETED_DEVICE_FAMILY = "1,2";
			};
			name = Release;
		};
/* End XCBuildConfiguration section */

/* Begin XCConfigurationList section */
		5ADC30F82C47600200DD4669 /* Build configuration list for PBXProject "helth_survey" */ = {
			isa = XCConfigurationList;
			buildConfigurations = (
				5ADC310F2C47600400DD4669 /* Debug */,
				5ADC31102C47600400DD4669 /* Release */,
			);
			defaultConfigurationIsVisible = 0;
			defaultConfigurationName = Release;
		};
		5ADC31112C47600400DD4669 /* Build configuration list for PBXNativeTarget "helth_survey" */ = {
			isa = XCConfigurationList;
			buildConfigurations = (
				5ADC31122C47600400DD4669 /* Debug */,
				5ADC31132C47600400DD4669 /* Release */,
			);
			defaultConfigurationIsVisible = 0;
			defaultConfigurationName = Release;
		};
/* End XCConfigurationList section */

/* Begin XCVersionGroup section */
		5ADC31042C47600200DD4669 /* helth_survey.xcdatamodeld */ = {
			isa = XCVersionGroup;
			children = (
				5ADC31052C47600200DD4669 /* helth_survey.xcdatamodel */,
			);
			currentVersion = 5ADC31052C47600200DD4669 /* helth_survey.xcdatamodel */;
			path = helth_survey.xcdatamodeld;
			sourceTree = "<group>";
			versionGroupType = wrapper.xcdatamodel;
		};
/* End XCVersionGroup section */
	};
	rootObject = 5ADC30F52C47600200DD4669 /* Project object */;
}
